
Microsoft Visual Studio Solution File, Format Version 12.00
# Visual Studio Version 16
VisualStudioVersion = 16.0.29613.14
MinimumVisualStudioVersion = 10.0.40219.1
Project("{FAE04EC0-301F-11D3-BF4B-00C04F79EFBC}") = "App01_ConsultarCEP.UWP", "App01_ConsultarCEP\App01_ConsultarCEP.UWP\App01_ConsultarCEP.UWP.csproj", "{C4E05017-D73C-41D2-B0F3-DE77BDB58618}"
EndProject
Project("{FAE04EC0-301F-11D3-BF4B-00C04F79EFBC}") = "App01_ConsultarCEP.Android", "App01_ConsultarCEP\App01_ConsultarCEP.Android\App01_ConsultarCEP.Android.csproj", "{45F874C7-8C3E-47D2-9785-E8B40E67CE41}"
EndProject
Project("{FAE04EC0-301F-11D3-BF4B-00C04F79EFBC}") = "App01_ConsultarCEP.iOS", "App01_ConsultarCEP\App01_ConsultarCEP.iOS\App01_ConsultarCEP.iOS.csproj", "{DF640E69-539A-48F2-A222-B3D5105FC268}"
EndProject
Project("{FAE04EC0-301F-11D3-BF4B-00C04F79EFBC}") = "App01_ConsultarCEP", "App01_ConsultarCEP\App01_ConsultarCEP\App01_ConsultarCEP.csproj", "{A73C4958-452D-4031-92C9-894987824A34}"
EndProject
Global
	GlobalSection(SolutionConfigurationPlatforms) = preSolution
		Debug|Any CPU = Debug|Any CPU
		Debug|ARM = Debug|ARM
		Debug|iPhone = Debug|iPhone
		Debug|iPhoneSimulator = Debug|iPhoneSimulator
		Debug|x64 = Debug|x64
		Debug|x86 = Debug|x86
		Release|Any CPU = Release|Any CPU
		Release|ARM = Release|ARM
		Release|iPhone = Release|iPhone
		Release|iPhoneSimulator = Release|iPhoneSimulator
		Release|x64 = Release|x64
		Release|x86 = Release|x86
	EndGlobalSection
	GlobalSection(ProjectConfigurationPlatforms) = postSolution
		{C4E05017-D73C-41D2-B0F3-DE77BDB58618}.Debug|Any CPU.ActiveCfg = Debug|x86
		{C4E05017-D73C-41D2-B0F3-DE77BDB58618}.Debug|Any CPU.Build.0 = Debug|x86
		{C4E05017-D73C-41D2-B0F3-DE77BDB58618}.Debug|Any CPU.Deploy.0 = Debug|x86
		{C4E05017-D73C-41D2-B0F3-DE77BDB58618}.Debug|ARM.ActiveCfg = Debug|ARM
		{C4E05017-D73C-41D2-B0F3-DE77BDB58618}.Debug|ARM.Build.0 = Debug|ARM
		{C4E05017-D73C-41D2-B0F3-DE77BDB58618}.Debug|ARM.Deploy.0 = Debug|ARM
		{C4E05017-D73C-41D2-B0F3-DE77BDB58618}.Debug|iPhone.ActiveCfg = Debug|x86
		{C4E05017-D73C-41D2-B0F3-DE77BDB58618}.Debug|iPhone.Build.0 = Debug|x86
		{C4E05017-D73C-41D2-B0F3-DE77BDB58618}.Debug|iPhone.Deploy.0 = Debug|x86
		{C4E05017-D73C-41D2-B0F3-DE77BDB58618}.Debug|iPhoneSimulator.ActiveCfg = Debug|x86
		{C4E05017-D73C-41D2-B0F3-DE77BDB58618}.Debug|iPhoneSimulator.Build.0 = Debug|x86
		{C4E05017-D73C-41D2-B0F3-DE77BDB58618}.Debug|iPhoneSimulator.Deploy.0 = Debug|x86
		{C4E05017-D73C-41D2-B0F3-DE77BDB58618}.Debug|x64.ActiveCfg = Debug|x64
		{C4E05017-D73C-41D2-B0F3-DE77BDB58618}.Debug|x64.Build.0 = Debug|x64
		{C4E05017-D73C-41D2-B0F3-DE77BDB58618}.Debug|x64.Deploy.0 = Debug|x64
		{C4E05017-D73C-41D2-B0F3-DE77BDB58618}.Debug|x86.ActiveCfg = Debug|x86
		{C4E05017-D73C-41D2-B0F3-DE77BDB58618}.Debug|x86.Build.0 = Debug|x86
		{C4E05017-D73C-41D2-B0F3-DE77BDB58618}.Debug|x86.Deploy.0 = Debug|x86
		{C4E05017-D73C-41D2-B0F3-DE77BDB58618}.Release|Any CPU.ActiveCfg = Release|x86
		{C4E05017-D73C-41D2-B0F3-DE77BDB58618}.Release|Any CPU.Build.0 = Release|x86
		{C4E05017-D73C-41D2-B0F3-DE77BDB58618}.Release|Any CPU.Deploy.0 = Release|x86
		{C4E05017-D73C-41D2-B0F3-DE77BDB58618}.Release|ARM.ActiveCfg = Release|ARM
		{C4E05017-D73C-41D2-B0F3-DE77BDB58618}.Release|ARM.Build.0 = Release|ARM
		{C4E05017-D73C-41D2-B0F3-DE77BDB58618}.Release|ARM.Deploy.0 = Release|ARM
		{C4E05017-D73C-41D2-B0F3-DE77BDB58618}.Release|iPhone.ActiveCfg = Release|x86
		{C4E05017-D73C-41D2-B0F3-DE77BDB58618}.Release|iPhone.Build.0 = Release|x86
		{C4E05017-D73C-41D2-B0F3-DE77BDB58618}.Release|iPhone.Deploy.0 = Release|x86
		{C4E05017-D73C-41D2-B0F3-DE77BDB58618}.Release|iPhoneSimulator.ActiveCfg = Release|x86
		{C4E05017-D73C-41D2-B0F3-DE77BDB58618}.Release|iPhoneSimulator.Build.0 = Release|x86
		{C4E05017-D73C-41D2-B0F3-DE77BDB58618}.Release|iPhoneSimulator.Deploy.0 = Release|x86
		{C4E05017-D73C-41D2-B0F3-DE77BDB58618}.Release|x64.ActiveCfg = Release|x64
		{C4E05017-D73C-41D2-B0F3-DE77BDB58618}.Release|x64.Build.0 = Release|x64
		{C4E05017-D73C-41D2-B0F3-DE77BDB58618}.Release|x64.Deploy.0 = Release|x64
		{C4E05017-D73C-41D2-B0F3-DE77BDB58618}.Release|x86.ActiveCfg = Release|x86
		{C4E05017-D73C-41D2-B0F3-DE77BDB58618}.Release|x86.Build.0 = Release|x86
		{C4E05017-D73C-41D2-B0F3-DE77BDB58618}.Release|x86.Deploy.0 = Release|x86
		{45F874C7-8C3E-47D2-9785-E8B40E67CE41}.Debug|Any CPU.ActiveCfg = Debug|Any CPU
		{45F874C7-8C3E-47D2-9785-E8B40E67CE41}.Debug|Any CPU.Build.0 = Debug|Any CPU
		{45F874C7-8C3E-47D2-9785-E8B40E67CE41}.Debug|Any CPU.Deploy.0 = Debug|Any CPU
		{45F874C7-8C3E-47D2-9785-E8B40E67CE41}.Debug|ARM.ActiveCfg = Debug|Any CPU
		{45F874C7-8C3E-47D2-9785-E8B40E67CE41}.Debug|ARM.Build.0 = Debug|Any CPU
		{45F874C7-8C3E-47D2-9785-E8B40E67CE41}.Debug|ARM.Deploy.0 = Debug|Any CPU
		{45F874C7-8C3E-47D2-9785-E8B40E67CE41}.Debug|iPhone.ActiveCfg = Debug|Any CPU
		{45F874C7-8C3E-47D2-9785-E8B40E67CE41}.Debug|iPhone.Build.0 = Debug|Any CPU
		{45F874C7-8C3E-47D2-9785-E8B40E67CE41}.Debug|iPhone.Deploy.0 = Debug|Any CPU
		{45F874C7-8C3E-47D2-9785-E8B40E67CE41}.Debug|iPhoneSimulator.ActiveCfg = Debug|Any CPU
		{45F874C7-8C3E-47D2-9785-E8B40E67CE41}.Debug|iPhoneSimulator.Build.0 = Debug|Any CPU
		{45F874C7-8C3E-47D2-9785-E8B40E67CE41}.Debug|iPhoneSimulator.Deploy.0 = Debug|Any CPU
		{45F874C7-8C3E-47D2-9785-E8B40E67CE41}.Debug|x64.ActiveCfg = Debug|Any CPU
		{45F874C7-8C3E-47D2-9785-E8B40E67CE41}.Debug|x64.Build.0 = Debug|Any CPU
		{45F874C7-8C3E-47D2-9785-E8B40E67CE41}.Debug|x64.Deploy.0 = Debug|Any CPU
		{45F874C7-8C3E-47D2-9785-E8B40E67CE41}.Debug|x86.ActiveCfg = Debug|Any CPU
		{45F874C7-8C3E-47D2-9785-E8B40E67CE41}.Debug|x86.Build.0 = Debug|Any CPU
		{45F874C7-8C3E-47D2-9785-E8B40E67CE41}.Debug|x86.Deploy.0 = Debug|Any CPU
		{45F874C7-8C3E-47D2-9785-E8B40E67CE41}.Release|Any CPU.ActiveCfg = Release|Any CPU
		{45F874C7-8C3E-47D2-9785-E8B40E67CE41}.Release|Any CPU.Build.0 = Release|Any CPU
		{45F874C7-8C3E-47D2-9785-E8B40E67CE41}.Release|Any CPU.Deploy.0 = Release|Any CPU
		{45F874C7-8C3E-47D2-9785-E8B40E67CE41}.Release|ARM.ActiveCfg = Release|Any CPU
		{45F874C7-8C3E-47D2-9785-E8B40E67CE41}.Release|ARM.Build.0 = Release|Any CPU
		{45F874C7-8C3E-47D2-9785-E8B40E67CE41}.Release|ARM.Deploy.0 = Release|Any CPU
		{45F874C7-8C3E-47D2-9785-E8B40E67CE41}.Release|iPhone.ActiveCfg = Release|Any CPU
		{45F874C7-8C3E-47D2-9785-E8B40E67CE41}.Release|iPhone.Build.0 = Release|Any CPU
		{45F874C7-8C3E-47D2-9785-E8B40E67CE41}.Release|iPhone.Deploy.0 = Release|Any CPU
		{45F874C7-8C3E-47D2-9785-E8B40E67CE41}.Release|iPhoneSimulator.ActiveCfg = Release|Any CPU
		{45F874C7-8C3E-47D2-9785-E8B40E67CE41}.Release|iPhoneSimulator.Build.0 = Release|Any CPU
		{45F874C7-8C3E-47D2-9785-E8B40E67CE41}.Release|iPhoneSimulator.Deploy.0 = Release|Any CPU
		{45F874C7-8C3E-47D2-9785-E8B40E67CE41}.Release|x64.ActiveCfg = Release|Any CPU
		{45F874C7-8C3E-47D2-9785-E8B40E67CE41}.Release|x64.Build.0 = Release|Any CPU
		{45F874C7-8C3E-47D2-9785-E8B40E67CE41}.Release|x64.Deploy.0 = Release|Any CPU
		{45F874C7-8C3E-47D2-9785-E8B40E67CE41}.Release|x86.ActiveCfg = Release|Any CPU
		{45F874C7-8C3E-47D2-9785-E8B40E67CE41}.Release|x86.Build.0 = Release|Any CPU
		{45F874C7-8C3E-47D2-9785-E8B40E67CE41}.Release|x86.Deploy.0 = Release|Any CPU
		{DF640E69-539A-48F2-A222-B3D5105FC268}.Debug|Any CPU.ActiveCfg = Debug|iPhone
		{DF640E69-539A-48F2-A222-B3D5105FC268}.Debug|Any CPU.Build.0 = Debug|iPhone
		{DF640E69-539A-48F2-A222-B3D5105FC268}.Debug|Any CPU.Deploy.0 = Debug|iPhone
		{DF640E69-539A-48F2-A222-B3D5105FC268}.Debug|ARM.ActiveCfg = Debug|iPhoneSimulator
		{DF640E69-539A-48F2-A222-B3D5105FC268}.Debug|ARM.Build.0 = Debug|iPhoneSimulator
		{DF640E69-539A-48F2-A222-B3D5105FC268}.Debug|ARM.Deploy.0 = Debug|iPhoneSimulator
		{DF640E69-539A-48F2-A222-B3D5105FC268}.Debug|iPhone.ActiveCfg = Debug|iPhone
		{DF640E69-539A-48F2-A222-B3D5105FC268}.Debug|iPhone.Build.0 = Debug|iPhone
		{DF640E69-539A-48F2-A222-B3D5105FC268}.Debug|iPhone.Deploy.0 = Debug|iPhone
		{DF640E69-539A-48F2-A222-B3D5105FC268}.Debug|iPhoneSimulator.ActiveCfg = Debug|iPhoneSimulator
		{DF640E69-539A-48F2-A222-B3D5105FC268}.Debug|iPhoneSimulator.Build.0 = Debug|iPhoneSimulator
		{DF640E69-539A-48F2-A222-B3D5105FC268}.Debug|iPhoneSimulator.Deploy.0 = Debug|iPhoneSimulator
		{DF640E69-539A-48F2-A222-B3D5105FC268}.Debug|x64.ActiveCfg = Debug|iPhone
		{DF640E69-539A-48F2-A222-B3D5105FC268}.Debug|x64.Build.0 = Debug|iPhone
		{DF640E69-539A-48F2-A222-B3D5105FC268}.Debug|x64.Deploy.0 = Debug|iPhone
		{DF640E69-539A-48F2-A222-B3D5105FC268}.Debug|x86.ActiveCfg = Debug|iPhone
		{DF640E69-539A-48F2-A222-B3D5105FC268}.Debug|x86.Build.0 = Debug|iPhone
		{DF640E69-539A-48F2-A222-B3D5105FC268}.Debug|x86.Deploy.0 = Debug|iPhone
		{DF640E69-539A-48F2-A222-B3D5105FC268}.Release|Any CPU.ActiveCfg = Release|iPhone
		{DF640E69-539A-48F2-A222-B3D5105FC268}.Release|Any CPU.Build.0 = Release|iPhone
		{DF640E69-539A-48F2-A222-B3D5105FC268}.Release|Any CPU.Deploy.0 = Release|iPhone
		{DF640E69-539A-48F2-A222-B3D5105FC268}.Release|ARM.ActiveCfg = Release|iPhone
		{DF640E69-539A-48F2-A222-B3D5105FC268}.Release|ARM.Build.0 = Release|iPhone
		{DF640E69-539A-48F2-A222-B3D5105FC268}.Release|ARM.Deploy.0 = Release|iPhone
		{DF640E69-539A-48F2-A222-B3D5105FC268}.Release|iPhone.ActiveCfg = Release|iPhone
		{DF640E69-539A-48F2-A222-B3D5105FC268}.Release|iPhone.Build.0 = Release|iPhone
		{DF640E69-539A-48F2-A222-B3D5105FC268}.Release|iPhone.Deploy.0 = Release|iPhone
		{DF640E69-539A-48F2-A222-B3D5105FC268}.Release|iPhoneSimulator.ActiveCfg = Release|iPhoneSimulator
		{DF640E69-539A-48F2-A222-B3D5105FC268}.Release|iPhoneSimulator.Build.0 = Release|iPhoneSimulator
		{DF640E69-539A-48F2-A222-B3D5105FC268}.Release|iPhoneSimulator.Deploy.0 = Release|iPhoneSimulator
		{DF640E69-539A-48F2-A222-B3D5105FC268}.Release|x64.ActiveCfg = Release|iPhone
		{DF640E69-539A-48F2-A222-B3D5105FC268}.Release|x64.Build.0 = Release|iPhone
		{DF640E69-539A-48F2-A222-B3D5105FC268}.Release|x64.Deploy.0 = Release|iPhone
		{DF640E69-539A-48F2-A222-B3D5105FC268}.Release|x86.ActiveCfg = Release|iPhone
		{DF640E69-539A-48F2-A222-B3D5105FC268}.Release|x86.Build.0 = Release|iPhone
		{DF640E69-539A-48F2-A222-B3D5105FC268}.Release|x86.Deploy.0 = Release|iPhone
		{A73C4958-452D-4031-92C9-894987824A34}.Debug|Any CPU.ActiveCfg = Debug|Any CPU
		{A73C4958-452D-4031-92C9-894987824A34}.Debug|Any CPU.Build.0 = Debug|Any CPU
		{A73C4958-452D-4031-92C9-894987824A34}.Debug|Any CPU.Deploy.0 = Debug|Any CPU
		{A73C4958-452D-4031-92C9-894987824A34}.Debug|ARM.ActiveCfg = Debug|Any CPU
		{A73C4958-452D-4031-92C9-894987824A34}.Debug|ARM.Build.0 = Debug|Any CPU
		{A73C4958-452D-4031-92C9-894987824A34}.Debug|ARM.Deploy.0 = Debug|Any CPU
		{A73C4958-452D-4031-92C9-894987824A34}.Debug|iPhone.ActiveCfg = Debug|Any CPU
		{A73C4958-452D-4031-92C9-894987824A34}.Debug|iPhone.Build.0 = Debug|Any CPU
		{A73C4958-452D-4031-92C9-894987824A34}.Debug|iPhone.Deploy.0 = Debug|Any CPU
		{A73C4958-452D-4031-92C9-894987824A34}.Debug|iPhoneSimulator.ActiveCfg = Debug|Any CPU
		{A73C4958-452D-4031-92C9-894987824A34}.Debug|iPhoneSimulator.Build.0 = Debug|Any CPU
		{A73C4958-452D-4031-92C9-894987824A34}.Debug|iPhoneSimulator.Deploy.0 = Debug|Any CPU
		{A73C4958-452D-4031-92C9-894987824A34}.Debug|x64.ActiveCfg = Debug|Any CPU
		{A73C4958-452D-4031-92C9-894987824A34}.Debug|x64.Build.0 = Debug|Any CPU
		{A73C4958-452D-4031-92C9-894987824A34}.Debug|x64.Deploy.0 = Debug|Any CPU
		{A73C4958-452D-4031-92C9-894987824A34}.Debug|x86.ActiveCfg = Debug|Any CPU
		{A73C4958-452D-4031-92C9-894987824A34}.Debug|x86.Build.0 = Debug|Any CPU
		{A73C4958-452D-4031-92C9-894987824A34}.Debug|x86.Deploy.0 = Debug|Any CPU
		{A73C4958-452D-4031-92C9-894987824A34}.Release|Any CPU.ActiveCfg = Release|Any CPU
		{A73C4958-452D-4031-92C9-894987824A34}.Release|Any CPU.Build.0 = Release|Any CPU
		{A73C4958-452D-4031-92C9-894987824A34}.Release|Any CPU.Deploy.0 = Release|Any CPU
		{A73C4958-452D-4031-92C9-894987824A34}.Release|ARM.ActiveCfg = Release|Any CPU
		{A73C4958-452D-4031-92C9-894987824A34}.Release|ARM.Build.0 = Release|Any CPU
		{A73C4958-452D-4031-92C9-894987824A34}.Release|ARM.Deploy.0 = Release|Any CPU
		{A73C4958-452D-4031-92C9-894987824A34}.Release|iPhone.ActiveCfg = Release|Any CPU
		{A73C4958-452D-4031-92C9-894987824A34}.Release|iPhone.Build.0 = Release|Any CPU
		{A73C4958-452D-4031-92C9-894987824A34}.Release|iPhone.Deploy.0 = Release|Any CPU
		{A73C4958-452D-4031-92C9-894987824A34}.Release|iPhoneSimulator.ActiveCfg = Release|Any CPU
		{A73C4958-452D-4031-92C9-894987824A34}.Release|iPhoneSimulator.Build.0 = Release|Any CPU
		{A73C4958-452D-4031-92C9-894987824A34}.Release|iPhoneSimulator.Deploy.0 = Release|Any CPU
		{A73C4958-452D-4031-92C9-894987824A34}.Release|x64.ActiveCfg = Release|Any CPU
		{A73C4958-452D-4031-92C9-894987824A34}.Release|x64.Build.0 = Release|Any CPU
		{A73C4958-452D-4031-92C9-894987824A34}.Release|x64.Deploy.0 = Release|Any CPU
		{A73C4958-452D-4031-92C9-894987824A34}.Release|x86.ActiveCfg = Release|Any CPU
		{A73C4958-452D-4031-92C9-894987824A34}.Release|x86.Build.0 = Release|Any CPU
		{A73C4958-452D-4031-92C9-894987824A34}.Release|x86.Deploy.0 = Release|Any CPU
	EndGlobalSection
	GlobalSection(SolutionProperties) = preSolution
		HideSolutionNode = FALSE
	EndGlobalSection
	GlobalSection(ExtensibilityGlobals) = postSolution
		SolutionGuid = {138018E9-82E3-4029-AF9C-076E62D4ECAE}
	EndGlobalSection
EndGlobal
